<?xml version="1.0" encoding="utf-8"?>
<Project ToolsVersion="4.0" xmlns="http://schemas.microsoft.com/developer/msbuild/2003">
  <ItemGroup>
    <ClCompile Include="src\light.cpp" />
    <ClCompile Include="src\ParticleSystem.cpp" />
    <ClCompile Include="src\camera.cpp" />
    <ClCompile Include="src\main.cpp" />
    <ClCompile Include="src\mat.cpp" />
    <ClCompile Include="src\materialnode.cpp" />
    <ClCompile Include="src\modelmanager.cpp" />
    <ClCompile Include="src\model.cpp" />
    <ClCompile Include="src\RainParticleSystem.cpp" />
    <ClCompile Include="src\scenenode.cpp" />
    <ClCompile Include="src\quaternion.cpp" />
    <ClCompile Include="src\scene.cpp" />
    <ClCompile Include="src\shadermanager.cpp" />
    <ClCompile Include="src\shaders.cpp" />
    <ClCompile Include="src\tests.cpp" />
    <ClCompile Include="src\vec2.cpp" />
    <ClCompile Include="src\vec3.cpp" />
    <ClCompile Include="src\vec4.cpp" />
    <ClCompile Include="src\texture.cpp" />
    <ClCompile Include="src\skyboxnode.cpp" />
  </ItemGroup>
  <ItemGroup>
    <ClInclude Include="src\RainParticleSystem.hpp" />
    <ClInclude Include="src\DirectionalLight.hpp" />
    <ClInclude Include="src\light.hpp" />
    <ClInclude Include="src\particle.h" />
    <ClInclude Include="src\ParticleSystem.hpp" />
    <ClInclude Include="src\animation.hpp" />
    <ClInclude Include="src\camera.hpp" />
    <ClInclude Include="src\glutwrappers.h" />
    <ClInclude Include="src\mat.hpp" />
    <ClInclude Include="src\materialnode.h" />
    <ClInclude Include="src\modelmanager.hpp" />
    <ClInclude Include="src\model.hpp" />
    <ClInclude Include="src\PointLight.hpp" />
    <ClInclude Include="src\scenenode.hpp" />
    <ClInclude Include="src\quaternion.hpp" />
    <ClInclude Include="src\scene.hpp" />
    <ClInclude Include="src\shaders.hpp" />
    <ClInclude Include="src\singleton.hpp" />
    <ClInclude Include="src\tests.hpp" />
    <ClInclude Include="src\vec.hpp" />
    <ClInclude Include="src\texture.hpp" />
    <ClInclude Include="src\skyboxnode.hpp" />
  </ItemGroup>
  <ItemGroup>
    <None Include="res\shaders\colored\frag.glsl" />
    <None Include="res\shaders\colored\vertex.glsl" />
    <None Include="res\shaders\normalmapping\frag.glsl" />
    <None Include="res\shaders\normalmapping\vertex.glsl" />
    <None Include="res\shaders\rain\frag.glsl" />
    <None Include="res\shaders\rain\vertex.glsl" />
    <None Include="res\shaders\skybox\vertex.glsl" />
    <None Include="res\shaders\skybox\frag.glsl" />
  </ItemGroup>
</Project>